// !$*UTF8*$!
{
	archiveVersion = 1;
	classes = {
	};
	objectVersion = 39;
	objects = {
		AB01DCEA083747B1003C9EF7 = {
			children = (
				AB01DCF508374807003C9EF7,
				AB01DCF908374808003C9EF7,
				AB01DCF808374808003C9EF7,
				ABFA25DC0839F8C90096540C,
				AB01DD0008374848003C9EF7,
				AB35747F08386FCD00B5F897,
				ABFA25EC0839F9FD0096540C,
				ABFA264B083C8AA40096540C,
			);
			isa = PBXGroup;
			refType = 4;
			sourceTree = "<group>";
		};
		AB01DCEC083747B1003C9EF7 = {
			buildSettings = {
				COPY_PHASE_STRIP = NO;
			};
			isa = PBXBuildStyle;
			name = Development;
		};
		AB01DCED083747B1003C9EF7 = {
			buildSettings = {
				COPY_PHASE_STRIP = YES;
			};
			isa = PBXBuildStyle;
			name = Deployment;
		};
		AB01DCEE083747B1003C9EF7 = {
			buildSettings = {
			};
			buildStyles = (
				AB01DCEC083747B1003C9EF7,
				AB01DCED083747B1003C9EF7,
			);
			hasScannedForEncodings = 0;
			isa = PBXProject;
			mainGroup = AB01DCEA083747B1003C9EF7;
			projectDirPath = "";
			targets = (
				AB01DD2108374A56003C9EF7,
				AB3571F5083759B20059BD19,
				ABFA25E20839F9310096540C,
				ABFA25E50839F99F0096540C,
			);
		};
		AB01DCF508374807003C9EF7 = {
			fileEncoding = 4;
			isa = PBXFileReference;
			lastKnownFileType = sourcecode.make;
			path = Makefile;
			refType = 4;
			sourceTree = "<group>";
		};
		AB01DCF608374808003C9EF7 = {
			fileEncoding = 4;
			isa = PBXFileReference;
			lastKnownFileType = sourcecode.haskell;
			path = Setup.hs;
			refType = 4;
			sourceTree = "<group>";
		};
		AB01DCF708374808003C9EF7 = {
			fileEncoding = 4;
			isa = PBXFileReference;
			lastKnownFileType = text;
			path = TimeLib.cabal;
			refType = 4;
			sourceTree = "<group>";
		};
		AB01DCF808374808003C9EF7 = {
			fileEncoding = 4;
			isa = PBXFileReference;
			lastKnownFileType = sourcecode.c.c;
			path = timestuff.c;
			refType = 4;
			sourceTree = "<group>";
		};
		AB01DCF908374808003C9EF7 = {
			fileEncoding = 4;
			isa = PBXFileReference;
			lastKnownFileType = sourcecode.c.h;
			path = timestuff.h;
			refType = 4;
			sourceTree = "<group>";
		};
		AB01DCFC08374838003C9EF7 = {
			fileEncoding = 4;
			isa = PBXFileReference;
			lastKnownFileType = sourcecode.haskell;
			path = Calendar.hs;
			refType = 4;
			sourceTree = "<group>";
		};
		AB01DCFD08374838003C9EF7 = {
			fileEncoding = 4;
			isa = PBXFileReference;
			lastKnownFileType = sourcecode.haskell;
			path = Clock.hs;
			refType = 4;
			sourceTree = "<group>";
		};
		AB01DCFE08374838003C9EF7 = {
			fileEncoding = 4;
			isa = PBXFileReference;
			lastKnownFileType = sourcecode.haskell;
			path = TAI.hs;
			refType = 4;
			sourceTree = "<group>";
		};
		AB01DD0008374848003C9EF7 = {
			children = (
				AB01DCFD08374838003C9EF7,
				AB01DCFE08374838003C9EF7,
				AB01DD0D083748C0003C9EF7,
				AB01DCFC08374838003C9EF7,
			);
			isa = PBXGroup;
			name = Time;
			path = System/Time;
			refType = 4;
			sourceTree = "<group>";
		};
		AB01DD0D083748C0003C9EF7 = {
			children = (
				AB01DD16083748EC003C9EF7,
				AB01DD18083748EC003C9EF7,
				AB01DD17083748EC003C9EF7,
				AB01DD12083748EC003C9EF7,
				AB01DD19083748EC003C9EF7,
				AB01DD14083748EC003C9EF7,
				AB01DD15083748EC003C9EF7,
				AB01DD13083748EC003C9EF7,
			);
			isa = PBXGroup;
			path = Calendar;
			refType = 4;
			sourceTree = "<group>";
		};
		AB01DD12083748EC003C9EF7 = {
			fileEncoding = 4;
			isa = PBXFileReference;
			lastKnownFileType = sourcecode.haskell;
			path = Calendar.hs;
			refType = 4;
			sourceTree = "<group>";
		};
		AB01DD13083748EC003C9EF7 = {
			fileEncoding = 4;
			isa = PBXFileReference;
			lastKnownFileType = sourcecode.haskell;
			path = Format.hs;
			refType = 4;
			sourceTree = "<group>";
		};
		AB01DD14083748EC003C9EF7 = {
			fileEncoding = 4;
			isa = PBXFileReference;
			lastKnownFileType = sourcecode.haskell;
			path = Gregorian.hs;
			refType = 4;
			sourceTree = "<group>";
		};
		AB01DD15083748EC003C9EF7 = {
			fileEncoding = 4;
			isa = PBXFileReference;
			lastKnownFileType = sourcecode.haskell;
			path = ISOWeek.hs;
			refType = 4;
			sourceTree = "<group>";
		};
		AB01DD16083748EC003C9EF7 = {
			fileEncoding = 4;
			isa = PBXFileReference;
			lastKnownFileType = sourcecode.haskell;
			path = Private.hs;
			refType = 4;
			sourceTree = "<group>";
		};
		AB01DD17083748EC003C9EF7 = {
			fileEncoding = 4;
			isa = PBXFileReference;
			lastKnownFileType = sourcecode.haskell;
			path = TimeOfDay.hs;
			refType = 4;
			sourceTree = "<group>";
		};
		AB01DD18083748EC003C9EF7 = {
			fileEncoding = 4;
			isa = PBXFileReference;
			lastKnownFileType = sourcecode.haskell;
			path = Timezone.hs;
			refType = 4;
			sourceTree = "<group>";
		};
		AB01DD19083748EC003C9EF7 = {
			fileEncoding = 4;
			isa = PBXFileReference;
			lastKnownFileType = sourcecode.haskell;
			path = YearDay.hs;
			refType = 4;
			sourceTree = "<group>";
		};
		AB01DD2108374A56003C9EF7 = {
			buildArgumentsString = "$(ACTION)build";
			buildPhases = (
			);
			buildSettings = {
				OTHER_CFLAGS = "";
				OTHER_LDFLAGS = "";
				OTHER_REZFLAGS = "";
				PRODUCT_NAME = Untitled;
				SECTORDER_FLAGS = "";
				WARNING_CFLAGS = "-Wmost -Wno-four-char-constants -Wno-unknown-pragmas";
			};
			buildToolPath = /usr/bin/make;
			dependencies = (
			);
			isa = PBXLegacyTarget;
			name = Build;
			passBuildSettingsInEnvironment = 1;
			productName = Untitled;
		};
		AB3571F5083759B20059BD19 = {
			buildArgumentsString = "$(ACTION)test";
			buildPhases = (
			);
			buildSettings = {
				OTHER_CFLAGS = "";
				OTHER_LDFLAGS = "";
				OTHER_REZFLAGS = "";
				PRODUCT_NAME = Test;
				SECTORDER_FLAGS = "";
				WARNING_CFLAGS = "-Wmost -Wno-four-char-constants -Wno-unknown-pragmas";
			};
			buildToolPath = /usr/bin/make;
			dependencies = (
			);
			isa = PBXLegacyTarget;
			name = Test;
			passBuildSettingsInEnvironment = 1;
			productName = Test;
		};
		AB35747F08386FCD00B5F897 = {
			children = (
				AB01DCF708374808003C9EF7,
				AB01DCF608374808003C9EF7,
			);
			isa = PBXGroup;
			name = Cabal;
			refType = 4;
			sourceTree = "<group>";
		};
		ABFA25DC0839F8C90096540C = {
			children = (
				ABFA25DF0839F8F70096540C,
			);
			isa = PBXGroup;
			path = Data;
			refType = 4;
			sourceTree = "<group>";
		};
		ABFA25DF0839F8F70096540C = {
			fileEncoding = 4;
			isa = PBXFileReference;
			lastKnownFileType = sourcecode.haskell;
			path = Fixed.hs;
			refType = 4;
			sourceTree = "<group>";
		};
		ABFA25E20839F9310096540C = {
			buildArgumentsString = "$(ACTION)doc";
			buildPhases = (
			);
			buildSettings = {
				OTHER_CFLAGS = "";
				OTHER_LDFLAGS = "";
				OTHER_REZFLAGS = "";
				PRODUCT_NAME = Untitled;
				SECTORDER_FLAGS = "";
				WARNING_CFLAGS = "-Wmost -Wno-four-char-constants -Wno-unknown-pragmas";
			};
			buildToolPath = /usr/bin/make;
			dependencies = (
			);
			isa = PBXLegacyTarget;
			name = Documentation;
			passBuildSettingsInEnvironment = 1;
			productName = Untitled;
		};
		ABFA25E50839F99F0096540C = {
			buildPhases = (
			);
			buildSettings = {
				OTHER_CFLAGS = "";
				OTHER_LDFLAGS = "";
				OTHER_REZFLAGS = "";
				PRODUCT_NAME = Everything;
				SECTORDER_FLAGS = "";
				WARNING_CFLAGS = "-Wmost -Wno-four-char-constants -Wno-unknown-pragmas";
			};
			dependencies = (
				ABFA25E90839F9AF0096540C,
				ABFA25EB0839F9B10096540C,
				ABFA25E70839F9AD0096540C,
			);
			isa = PBXAggregateTarget;
			name = Everything;
			productName = Everything;
		};
		ABFA25E60839F9AD0096540C = {
			containerPortal = AB01DCEE083747B1003C9EF7;
			isa = PBXContainerItemProxy;
			proxyType = 1;
			remoteGlobalIDString = ABFA25E20839F9310096540C;
			remoteInfo = Documentation;
		};
		ABFA25E70839F9AD0096540C = {
			isa = PBXTargetDependency;
			target = ABFA25E20839F9310096540C;
			targetProxy = ABFA25E60839F9AD0096540C;
		};
		ABFA25E80839F9AF0096540C = {
			containerPortal = AB01DCEE083747B1003C9EF7;
			isa = PBXContainerItemProxy;
			proxyType = 1;
			remoteGlobalIDString = AB01DD2108374A56003C9EF7;
			remoteInfo = Build;
		};
		ABFA25E90839F9AF0096540C = {
			isa = PBXTargetDependency;
			target = AB01DD2108374A56003C9EF7;
			targetProxy = ABFA25E80839F9AF0096540C;
		};
		ABFA25EA0839F9B10096540C = {
			containerPortal = AB01DCEE083747B1003C9EF7;
			isa = PBXContainerItemProxy;
			proxyType = 1;
			remoteGlobalIDString = AB3571F5083759B20059BD19;
			remoteInfo = Test;
		};
		ABFA25EB0839F9B10096540C = {
			isa = PBXTargetDependency;
			target = AB3571F5083759B20059BD19;
			targetProxy = ABFA25EA0839F9B10096540C;
		};
		ABFA25EC0839F9FD0096540C = {
			children = (
				ABFA2625083B28C00096540C,
				ABFA2627083B28C00096540C,
				ABFA2628083B28C00096540C,
				ABFA2624083B28C00096540C,
				ABFA2626083B28C00096540C,
				ABFA2623083B28C00096540C,
				ABFA262C083B28C00096540C,
				ABFA262D083B28C00096540C,
				ABFA262E083B28C00096540C,
				ABFA262B083B28C00096540C,
				ABFA262A083B28C00096540C,
				ABFA2629083B28C00096540C,
			);
			isa = PBXGroup;
			name = Test;
			path = test;
			refType = 4;
			sourceTree = "<group>";
		};
		ABFA2623083B28C00096540C = {
			fileEncoding = 4;
			isa = PBXFileReference;
			lastKnownFileType = sourcecode.haskell;
			path = ConvertBack.hs;
			refType = 4;
			sourceTree = "<group>";
		};
		ABFA2624083B28C00096540C = {
			fileEncoding = 4;
			isa = PBXFileReference;
			lastKnownFileType = sourcecode.haskell;
			path = CurrentTime.hs;
			refType = 4;
			sourceTree = "<group>";
		};
		ABFA2625083B28C00096540C = {
			fileEncoding = 4;
			isa = PBXFileReference;
			lastKnownFileType = sourcecode.make;
			path = Makefile;
			refType = 4;
			sourceTree = "<group>";
		};
		ABFA2626083B28C00096540C = {
			fileEncoding = 4;
			isa = PBXFileReference;
			lastKnownFileType = sourcecode.haskell;
			path = ShowDST.hs;
			refType = 4;
			sourceTree = "<group>";
		};
		ABFA2627083B28C00096540C = {
			fileEncoding = 4;
			isa = PBXFileReference;
			lastKnownFileType = sourcecode.haskell;
			path = TestFixed.hs;
			refType = 4;
			sourceTree = "<group>";
		};
		ABFA2628083B28C00096540C = {
			fileEncoding = 4;
			isa = PBXFileReference;
			lastKnownFileType = text;
			path = TestFixed.ref;
			refType = 4;
			sourceTree = "<group>";
		};
		ABFA2629083B28C00096540C = {
			fileEncoding = 4;
			isa = PBXFileReference;
			lastKnownFileType = sourcecode.haskell;
			path = TestFormat.hs;
			refType = 4;
			sourceTree = "<group>";
		};
		ABFA262A083B28C00096540C = {
			fileEncoding = 4;
			isa = PBXFileReference;
			lastKnownFileType = sourcecode.c.c;
			path = TestFormatStuff.c;
			refType = 4;
			sourceTree = "<group>";
		};
		ABFA262B083B28C00096540C = {
			fileEncoding = 4;
			isa = PBXFileReference;
			lastKnownFileType = sourcecode.c.h;
			path = TestFormatStuff.h;
			refType = 4;
			sourceTree = "<group>";
		};
		ABFA262C083B28C00096540C = {
			fileEncoding = 4;
			isa = PBXFileReference;
			lastKnownFileType = sourcecode.haskell;
			path = TestTime.hs;
			refType = 4;
			sourceTree = "<group>";
		};
		ABFA262D083B28C00096540C = {
			fileEncoding = 4;
			isa = PBXFileReference;
			lastKnownFileType = text;
			path = TestTime.ref;
			refType = 4;
			sourceTree = "<group>";
		};
		ABFA262E083B28C00096540C = {
			fileEncoding = 4;
			isa = PBXFileReference;
			lastKnownFileType = sourcecode.haskell;
			path = TimeZone.hs;
			refType = 4;
			sourceTree = "<group>";
		};
		ABFA2649083BF6210096540C = {
			fileEncoding = 4;
			isa = PBXFileReference;
			lastKnownFileType = text.html;
			path = index.html;
			refType = 4;
			sourceTree = "<group>";
		};
		ABFA264B083C8AA40096540C = {
			children = (
				ABFA2649083BF6210096540C,
			);
			isa = PBXGroup;
			name = "Target Doc";
			path = haddock;
			refType = 4;
			sourceTree = "<group>";
		};
	};
	rootObject = AB01DCEE083747B1003C9EF7;
}
